
Microsoft Visual Studio Solution File, Format Version 12.00
# Visual Studio 15
VisualStudioVersion = 15.0.27130.2010
MinimumVisualStudioVersion = 10.0.40219.1
Project("{262852C6-CD72-467D-83FE-5EEB1973A190}") = "MyDisputeWallet", "MyDisputeWallet\MyDisputeWallet.jsproj", "{5C8F60D0-2D0B-42AC-BD95-033C5DFE3E6E}"
EndProject
Global
	GlobalSection(SolutionConfigurationPlatforms) = preSolution
		Debug|Android = Debug|Android
		Debug|iOS = Debug|iOS
		Debug|Windows-ARM = Debug|Windows-ARM
		Debug|Windows-x64 = Debug|Windows-x64
		Debug|Windows-x86 = Debug|Windows-x86
		Release|Android = Release|Android
		Release|iOS = Release|iOS
		Release|Windows-ARM = Release|Windows-ARM
		Release|Windows-x64 = Release|Windows-x64
		Release|Windows-x86 = Release|Windows-x86
	EndGlobalSection
	GlobalSection(ProjectConfigurationPlatforms) = postSolution
		{5C8F60D0-2D0B-42AC-BD95-033C5DFE3E6E}.Debug|Android.ActiveCfg = Debug|Android
		{5C8F60D0-2D0B-42AC-BD95-033C5DFE3E6E}.Debug|Android.Build.0 = Debug|Android
		{5C8F60D0-2D0B-42AC-BD95-033C5DFE3E6E}.Debug|Android.Deploy.0 = Debug|Android
		{5C8F60D0-2D0B-42AC-BD95-033C5DFE3E6E}.Debug|iOS.ActiveCfg = Debug|iOS
		{5C8F60D0-2D0B-42AC-BD95-033C5DFE3E6E}.Debug|iOS.Build.0 = Debug|iOS
		{5C8F60D0-2D0B-42AC-BD95-033C5DFE3E6E}.Debug|iOS.Deploy.0 = Debug|iOS
		{5C8F60D0-2D0B-42AC-BD95-033C5DFE3E6E}.Debug|Windows-ARM.ActiveCfg = Debug|Windows-ARM
		{5C8F60D0-2D0B-42AC-BD95-033C5DFE3E6E}.Debug|Windows-ARM.Build.0 = Debug|Windows-ARM
		{5C8F60D0-2D0B-42AC-BD95-033C5DFE3E6E}.Debug|Windows-ARM.Deploy.0 = Debug|Windows-ARM
		{5C8F60D0-2D0B-42AC-BD95-033C5DFE3E6E}.Debug|Windows-x64.ActiveCfg = Debug|Windows-x64
		{5C8F60D0-2D0B-42AC-BD95-033C5DFE3E6E}.Debug|Windows-x64.Build.0 = Debug|Windows-x64
		{5C8F60D0-2D0B-42AC-BD95-033C5DFE3E6E}.Debug|Windows-x64.Deploy.0 = Debug|Windows-x64
		{5C8F60D0-2D0B-42AC-BD95-033C5DFE3E6E}.Debug|Windows-x86.ActiveCfg = Debug|Windows-x86
		{5C8F60D0-2D0B-42AC-BD95-033C5DFE3E6E}.Debug|Windows-x86.Build.0 = Debug|Windows-x86
		{5C8F60D0-2D0B-42AC-BD95-033C5DFE3E6E}.Debug|Windows-x86.Deploy.0 = Debug|Windows-x86
		{5C8F60D0-2D0B-42AC-BD95-033C5DFE3E6E}.Release|Android.ActiveCfg = Release|Android
		{5C8F60D0-2D0B-42AC-BD95-033C5DFE3E6E}.Release|Android.Build.0 = Release|Android
		{5C8F60D0-2D0B-42AC-BD95-033C5DFE3E6E}.Release|Android.Deploy.0 = Release|Android
		{5C8F60D0-2D0B-42AC-BD95-033C5DFE3E6E}.Release|iOS.ActiveCfg = Release|iOS
		{5C8F60D0-2D0B-42AC-BD95-033C5DFE3E6E}.Release|iOS.Build.0 = Release|iOS
		{5C8F60D0-2D0B-42AC-BD95-033C5DFE3E6E}.Release|iOS.Deploy.0 = Release|iOS
		{5C8F60D0-2D0B-42AC-BD95-033C5DFE3E6E}.Release|Windows-ARM.ActiveCfg = Release|Windows-ARM
		{5C8F60D0-2D0B-42AC-BD95-033C5DFE3E6E}.Release|Windows-ARM.Build.0 = Release|Windows-ARM
		{5C8F60D0-2D0B-42AC-BD95-033C5DFE3E6E}.Release|Windows-ARM.Deploy.0 = Release|Windows-ARM
		{5C8F60D0-2D0B-42AC-BD95-033C5DFE3E6E}.Release|Windows-x64.ActiveCfg = Release|Windows-x64
		{5C8F60D0-2D0B-42AC-BD95-033C5DFE3E6E}.Release|Windows-x64.Build.0 = Release|Windows-x64
		{5C8F60D0-2D0B-42AC-BD95-033C5DFE3E6E}.Release|Windows-x64.Deploy.0 = Release|Windows-x64
		{5C8F60D0-2D0B-42AC-BD95-033C5DFE3E6E}.Release|Windows-x86.ActiveCfg = Release|Windows-x86
		{5C8F60D0-2D0B-42AC-BD95-033C5DFE3E6E}.Release|Windows-x86.Build.0 = Release|Windows-x86
		{5C8F60D0-2D0B-42AC-BD95-033C5DFE3E6E}.Release|Windows-x86.Deploy.0 = Release|Windows-x86
	EndGlobalSection
	GlobalSection(SolutionProperties) = preSolution
		HideSolutionNode = FALSE
	EndGlobalSection
	GlobalSection(ExtensibilityGlobals) = postSolution
		SolutionGuid = {216C943E-1C68-461A-ADFC-98D504E9D535}
	EndGlobalSection
EndGlobal
